GEM
  remote: https://rubygems.org/
  specs:
    redcarpet (3.6.1)
    webrick (1.9.2)
    yard (0.9.45)

PLATFORMS
  ruby
  x86_64-linux

DEPENDENCIES
  redcarpet
  webrick
  yard

CHECKSUMS
  bundler (4.0.17) sha256=214e21431b5665dd2f99df8a5511c6b151d7a72e8015c8b38f8b775b61cbb6c1
  redcarpet (3.6.1) sha256=d444910e6aa55480c6bcdc0cdb057626e8a32c054c29e793fa642ba2f155f445
  webrick (1.9.2) sha256=beb4a15fc474defed24a3bda4ffd88a490d517c9e4e6118c3edce59e45864131
  yard (0.9.45) sha256=52e211493f7cb8a3ebf7e104a25a1e73937a3103092545d34cb88fafebb3dc51

BUNDLED WITH
  4.0.17
